{
  "requires": true,
  "lockfileVersion": 1,
  "dependencies": {
    "node-cmd": {
      "version": "3.0.0",
      "resolved": "https://registry.npmjs.org/node-cmd/-/node-cmd-3.0.0.tgz",
      "integrity": "sha1-OP/3CkqqT2WdID61eGJzcBjiT28="
    },
    "node-run-cmd": {
      "version": "1.0.1",
      "resolved": "https://registry.npmjs.org/node-run-cmd/-/node-run-cmd-1.0.1.tgz",
      "integrity": "sha1-F1XBJiS9/5INj0UkLWZC4hSj1AA="
    }
  }
}
